
Microsoft Visual Studio Solution File, Format Version 12.00
Project("{2150E333-8FDC-42A3-9474-1A3956D46DE8}") = "src", "src", "{D60DA9FA-DFD5-49BE-8A00-813377358D97}"
EndProject
Project("{2150E333-8FDC-42A3-9474-1A3956D46DE8}") = "Core", "Core", "{6B7FF09F-A4E4-4939-A9C4-2A79B908CA44}"
EndProject
Project("{2150E333-8FDC-42A3-9474-1A3956D46DE8}") = "Infraestructure", "Infraestructure", "{3547982A-0A8D-4098-93BD-78D032D76CDE}"
EndProject
Project("{2150E333-8FDC-42A3-9474-1A3956D46DE8}") = "Presentation", "Presentation", "{FA360D18-DCE5-4913-A9EF-F4CF932FD9B7}"
EndProject
Project("{FAE04EC0-301F-11D3-BF4B-00C04F79EFBC}") = "Application", "Application\Application.csproj", "{14C03EA7-9FDB-4920-A678-B268A17E8490}"
EndProject
Project("{FAE04EC0-301F-11D3-BF4B-00C04F79EFBC}") = "Domain", "Domain\Domain.csproj", "{C3A002A6-A959-4C3A-8E6E-BBE2B48EA5F2}"
EndProject
Project("{FAE04EC0-301F-11D3-BF4B-00C04F79EFBC}") = "Persistence", "Persistence\Persistence.csproj", "{2B40C25B-FF37-4485-B6C9-27DC7BF755E6}"
EndProject
Project("{FAE04EC0-301F-11D3-BF4B-00C04F79EFBC}") = "Shared", "Shared\Shared.csproj", "{212F9974-8302-4CFF-853D-F084B9F7D835}"
EndProject
Project("{FAE04EC0-301F-11D3-BF4B-00C04F79EFBC}") = "WebAPI", "WebAPI\WebAPI.csproj", "{44F6A986-77A1-4945-8022-B9CB2CF3CFF0}"
EndProject
Global
	GlobalSection(SolutionConfigurationPlatforms) = preSolution
		Debug|Any CPU = Debug|Any CPU
		Release|Any CPU = Release|Any CPU
	EndGlobalSection
	GlobalSection(NestedProjects) = preSolution
		{3547982A-0A8D-4098-93BD-78D032D76CDE} = {D60DA9FA-DFD5-49BE-8A00-813377358D97}
		{6B7FF09F-A4E4-4939-A9C4-2A79B908CA44} = {D60DA9FA-DFD5-49BE-8A00-813377358D97}
		{FA360D18-DCE5-4913-A9EF-F4CF932FD9B7} = {D60DA9FA-DFD5-49BE-8A00-813377358D97}
		{14C03EA7-9FDB-4920-A678-B268A17E8490} = {6B7FF09F-A4E4-4939-A9C4-2A79B908CA44}
		{C3A002A6-A959-4C3A-8E6E-BBE2B48EA5F2} = {6B7FF09F-A4E4-4939-A9C4-2A79B908CA44}
		{2B40C25B-FF37-4485-B6C9-27DC7BF755E6} = {3547982A-0A8D-4098-93BD-78D032D76CDE}
		{212F9974-8302-4CFF-853D-F084B9F7D835} = {3547982A-0A8D-4098-93BD-78D032D76CDE}
		{44F6A986-77A1-4945-8022-B9CB2CF3CFF0} = {FA360D18-DCE5-4913-A9EF-F4CF932FD9B7}
	EndGlobalSection
	GlobalSection(ProjectConfigurationPlatforms) = postSolution
		{14C03EA7-9FDB-4920-A678-B268A17E8490}.Debug|Any CPU.ActiveCfg = Debug|Any CPU
		{14C03EA7-9FDB-4920-A678-B268A17E8490}.Debug|Any CPU.Build.0 = Debug|Any CPU
		{14C03EA7-9FDB-4920-A678-B268A17E8490}.Release|Any CPU.ActiveCfg = Release|Any CPU
		{14C03EA7-9FDB-4920-A678-B268A17E8490}.Release|Any CPU.Build.0 = Release|Any CPU
		{C3A002A6-A959-4C3A-8E6E-BBE2B48EA5F2}.Debug|Any CPU.ActiveCfg = Debug|Any CPU
		{C3A002A6-A959-4C3A-8E6E-BBE2B48EA5F2}.Debug|Any CPU.Build.0 = Debug|Any CPU
		{C3A002A6-A959-4C3A-8E6E-BBE2B48EA5F2}.Release|Any CPU.ActiveCfg = Release|Any CPU
		{C3A002A6-A959-4C3A-8E6E-BBE2B48EA5F2}.Release|Any CPU.Build.0 = Release|Any CPU
		{2B40C25B-FF37-4485-B6C9-27DC7BF755E6}.Debug|Any CPU.ActiveCfg = Debug|Any CPU
		{2B40C25B-FF37-4485-B6C9-27DC7BF755E6}.Debug|Any CPU.Build.0 = Debug|Any CPU
		{2B40C25B-FF37-4485-B6C9-27DC7BF755E6}.Release|Any CPU.ActiveCfg = Release|Any CPU
		{2B40C25B-FF37-4485-B6C9-27DC7BF755E6}.Release|Any CPU.Build.0 = Release|Any CPU
		{212F9974-8302-4CFF-853D-F084B9F7D835}.Debug|Any CPU.ActiveCfg = Debug|Any CPU
		{212F9974-8302-4CFF-853D-F084B9F7D835}.Debug|Any CPU.Build.0 = Debug|Any CPU
		{212F9974-8302-4CFF-853D-F084B9F7D835}.Release|Any CPU.ActiveCfg = Release|Any CPU
		{212F9974-8302-4CFF-853D-F084B9F7D835}.Release|Any CPU.Build.0 = Release|Any CPU
		{44F6A986-77A1-4945-8022-B9CB2CF3CFF0}.Debug|Any CPU.ActiveCfg = Debug|Any CPU
		{44F6A986-77A1-4945-8022-B9CB2CF3CFF0}.Debug|Any CPU.Build.0 = Debug|Any CPU
		{44F6A986-77A1-4945-8022-B9CB2CF3CFF0}.Release|Any CPU.ActiveCfg = Release|Any CPU
		{44F6A986-77A1-4945-8022-B9CB2CF3CFF0}.Release|Any CPU.Build.0 = Release|Any CPU
	EndGlobalSection
EndGlobal
